
Microsoft Visual Studio Solution File, Format Version 12.00
# Visual Studio Version 16
VisualStudioVersion = 16.0.30204.135
MinimumVisualStudioVersion = 10.0.40219.1
Project("{FAE04EC0-301F-11D3-BF4B-00C04F79EFBC}") = "students", "students\students.csproj", "{2932FD5E-F7E2-43F6-952A-B4114A8E04C9}"
EndProject
Global
	GlobalSection(SolutionConfigurationPlatforms) = preSolution
		Debug|Any CPU = Debug|Any CPU
		Release|Any CPU = Release|Any CPU
	EndGlobalSection
	GlobalSection(ProjectConfigurationPlatforms) = postSolution
		{2932FD5E-F7E2-43F6-952A-B4114A8E04C9}.Debug|Any CPU.ActiveCfg = Debug|Any CPU
		{2932FD5E-F7E2-43F6-952A-B4114A8E04C9}.Debug|Any CPU.Build.0 = Debug|Any CPU
		{2932FD5E-F7E2-43F6-952A-B4114A8E04C9}.Release|Any CPU.ActiveCfg = Release|Any CPU
		{2932FD5E-F7E2-43F6-952A-B4114A8E04C9}.Release|Any CPU.Build.0 = Release|Any CPU
	EndGlobalSection
	GlobalSection(SolutionProperties) = preSolution
		HideSolutionNode = FALSE
	EndGlobalSection
	GlobalSection(ExtensibilityGlobals) = postSolution
		SolutionGuid = {EAE7E82E-445B-45F8-BB53-763AF03107D9}
	EndGlobalSection
EndGlobal
